
Microsoft Visual Studio Solution File, Format Version 12.00
# Visual Studio 15
VisualStudioVersion = 15.0.28307.572
MinimumVisualStudioVersion = 10.0.40219.1
Project("{FAE04EC0-301F-11D3-BF4B-00C04F79EFBC}") = "CosmosDB", "CosmosDB\CosmosDB.csproj", "{95CB4181-4567-45E6-949A-DB4A1BD6CF14}"
EndProject
Global
	GlobalSection(SolutionConfigurationPlatforms) = preSolution
		Debug|Any CPU = Debug|Any CPU
		Release|Any CPU = Release|Any CPU
	EndGlobalSection
	GlobalSection(ProjectConfigurationPlatforms) = postSolution
		{95CB4181-4567-45E6-949A-DB4A1BD6CF14}.Debug|Any CPU.ActiveCfg = Debug|Any CPU
		{95CB4181-4567-45E6-949A-DB4A1BD6CF14}.Debug|Any CPU.Build.0 = Debug|Any CPU
		{95CB4181-4567-45E6-949A-DB4A1BD6CF14}.Release|Any CPU.ActiveCfg = Release|Any CPU
		{95CB4181-4567-45E6-949A-DB4A1BD6CF14}.Release|Any CPU.Build.0 = Release|Any CPU
	EndGlobalSection
	GlobalSection(SolutionProperties) = preSolution
		HideSolutionNode = FALSE
	EndGlobalSection
	GlobalSection(ExtensibilityGlobals) = postSolution
		SolutionGuid = {5E863F30-90E1-4F46-941E-D1542D74E17F}
	EndGlobalSection
EndGlobal
